
Microsoft Visual Studio Solution File, Format Version 12.00
# Visual Studio Version 17
VisualStudioVersion = 17.13.35818.85 d17.13
MinimumVisualStudioVersion = 10.0.40219.1
Project("{FAE04EC0-301F-11D3-BF4B-00C04F79EFBC}") = "SortingEnemys", "SortingEnemys\SortingEnemys.csproj", "{5759DA42-CDB2-40B7-A5FF-C1BFF5693BBA}"
EndProject
Global
	GlobalSection(SolutionConfigurationPlatforms) = preSolution
		Debug|Any CPU = Debug|Any CPU
		Release|Any CPU = Release|Any CPU
	EndGlobalSection
	GlobalSection(ProjectConfigurationPlatforms) = postSolution
		{5759DA42-CDB2-40B7-A5FF-C1BFF5693BBA}.Debug|Any CPU.ActiveCfg = Debug|Any CPU
		{5759DA42-CDB2-40B7-A5FF-C1BFF5693BBA}.Debug|Any CPU.Build.0 = Debug|Any CPU
		{5759DA42-CDB2-40B7-A5FF-C1BFF5693BBA}.Release|Any CPU.ActiveCfg = Release|Any CPU
		{5759DA42-CDB2-40B7-A5FF-C1BFF5693BBA}.Release|Any CPU.Build.0 = Release|Any CPU
	EndGlobalSection
	GlobalSection(SolutionProperties) = preSolution
		HideSolutionNode = FALSE
	EndGlobalSection
	GlobalSection(ExtensibilityGlobals) = postSolution
		SolutionGuid = {E78C6EA8-1247-4611-B012-646718003211}
	EndGlobalSection
EndGlobal
